
Microsoft Visual Studio Solution File, Format Version 12.00
# Visual Studio Version 16
VisualStudioVersion = 16.0.31205.134
MinimumVisualStudioVersion = 10.0.40219.1
Project("{FAE04EC0-301F-11D3-BF4B-00C04F79EFBC}") = "BTL_Nhom11", "BTL_Nhom11\BTL_Nhom11.csproj", "{0CBB7E9D-29A7-4AF2-805A-6A93E941A168}"
EndProject
Global
	GlobalSection(SolutionConfigurationPlatforms) = preSolution
		Debug|Any CPU = Debug|Any CPU
		Release|Any CPU = Release|Any CPU
	EndGlobalSection
	GlobalSection(ProjectConfigurationPlatforms) = postSolution
		{0CBB7E9D-29A7-4AF2-805A-6A93E941A168}.Debug|Any CPU.ActiveCfg = Debug|Any CPU
		{0CBB7E9D-29A7-4AF2-805A-6A93E941A168}.Debug|Any CPU.Build.0 = Debug|Any CPU
		{0CBB7E9D-29A7-4AF2-805A-6A93E941A168}.Release|Any CPU.ActiveCfg = Release|Any CPU
		{0CBB7E9D-29A7-4AF2-805A-6A93E941A168}.Release|Any CPU.Build.0 = Release|Any CPU
	EndGlobalSection
	GlobalSection(SolutionProperties) = preSolution
		HideSolutionNode = FALSE
	EndGlobalSection
	GlobalSection(ExtensibilityGlobals) = postSolution
		SolutionGuid = {3D8DB2CE-81BB-4232-BDA5-7376AD426B61}
	EndGlobalSection
EndGlobal
